<Solution>
  <Folder Name="/src/">
    <Project Path="src/Novolis.Security.Cryptography/Novolis.Security.Cryptography.csproj" />
    <Project Path="src/Novolis.Security.WordLists/Novolis.Security.WordLists.csproj" />
    <Project Path="src/Novolis.Security.Secrets/Novolis.Security.Secrets.csproj" />
    <Project Path="src/Novolis.Security.PasswordHashing/Novolis.Security.PasswordHashing.csproj" />
    <Project Path="src/Novolis.Security.Encryption/Novolis.Security.Encryption.csproj" />
    <Project Path="src/Novolis.Security.HaveIBeenPwned/Novolis.Security.HaveIBeenPwned.csproj" />
    <Project Path="src/Novolis.Security.SecureText/Novolis.Security.SecureText.csproj" />
    <Project Path="src/Novolis.Security.OAuth.Abstractions/Novolis.Security.OAuth.Abstractions.csproj" />
    <Project Path="src/Novolis.Security.OAuth/Novolis.Security.OAuth.csproj" />
    <Project Path="src/Novolis.Security.OAuth.AspNetCore/Novolis.Security.OAuth.AspNetCore.csproj" />
    <Project Path="src/Novolis.Security.OAuth.Storage/Novolis.Security.OAuth.Storage.csproj" />
  </Folder>
  <Folder Name="/tests/">
    <Project Path="tests/Novolis.Security.Unit/Novolis.Security.Unit.csproj" />
    <Project Path="tests/Novolis.Security.OAuth.Integration/Novolis.Security.OAuth.Integration.csproj" />
  </Folder>
</Solution>
